// !$*UTF8*$!
{
	archiveVersion = 1;
	classes = {
	};
	objectVersion = 77;
	objects = {

/* Begin PBXBuildFile section */
		E1000000000000000000001F /* SIPCore in Frameworks */ = {isa = PBXBuildFile; productRef = E1000000000000000000001D /* SIPCore */; };
		E10000000000000000000020 /* MediaCore in Frameworks */ = {isa = PBXBuildFile; productRef = E1000000000000000000001E /* MediaCore */; };
		E10000000000000000000023 /* CallGuard in Frameworks */ = {isa = PBXBuildFile; productRef = E10000000000000000000022 /* CallGuard */; };
		E10000000000000000000027 /* Diagnostics in Frameworks */ = {isa = PBXBuildFile; productRef = E10000000000000000000026 /* Diagnostics */; };
		E10000000000000000000029 /* AdminAccess in Frameworks */ = {isa = PBXBuildFile; productRef = E1000000000000000000002A /* AdminAccess */; };
		E1000000000000000000002C /* CallHistory in Frameworks */ = {isa = PBXBuildFile; productRef = E1000000000000000000002D /* CallHistory */; };
/* End PBXBuildFile section */

/* Begin PBXFileReference section */
		E1000000000000000000000F /* EliteSIP.app */ = {isa = PBXFileReference; explicitFileType = wrapper.application; includeInIndex = 0; path = EliteSIP.app; sourceTree = BUILT_PRODUCTS_DIR; };
		E10000000000000000000010 /* EliteSIP.entitlements */ = {isa = PBXFileReference; lastKnownFileType = text.plist.entitlements; path = EliteSIP.entitlements; sourceTree = "<group>"; };
		E10000000000000000000030 /* Version.xcconfig */ = {isa = PBXFileReference; lastKnownFileType = text.xcconfig; path = Version.xcconfig; sourceTree = "<group>"; };
/* End PBXFileReference section */

/* Begin PBXFileSystemSynchronizedRootGroup section */
		E1000000000000000000000E /* EliteSIP */ = {
			isa = PBXFileSystemSynchronizedRootGroup;
			path = EliteSIP;
			sourceTree = "<group>";
		};
/* End PBXFileSystemSynchronizedRootGroup section */

/* Begin PBXFrameworksBuildPhase section */
		E10000000000000000000013 /* Frameworks */ = {
			isa = PBXFrameworksBuildPhase;
			buildActionMask = 2147483647;
			files = (
				E1000000000000000000001F /* SIPCore in Frameworks */,
				E10000000000000000000020 /* MediaCore in Frameworks */,
				E10000000000000000000023 /* CallGuard in Frameworks */,
				E10000000000000000000027 /* Diagnostics in Frameworks */,
				E10000000000000000000029 /* AdminAccess in Frameworks */,
				E1000000000000000000002C /* CallHistory in Frameworks */,
			);
			runOnlyForDeploymentPostprocessing = 0;
		};
/* End PBXFrameworksBuildPhase section */

/* Begin PBXGroup section */
		E1000000000000000000000B = {
			isa = PBXGroup;
			children = (
				E1000000000000000000000E /* EliteSIP */,
				E1000000000000000000000D /* Config */,
				E1000000000000000000000C /* Products */,
			);
			sourceTree = "<group>";
		};
		E1000000000000000000000C /* Products */ = {
			isa = PBXGroup;
			children = (
				E1000000000000000000000F /* EliteSIP.app */,
			);
			name = Products;
			sourceTree = "<group>";
		};
		E1000000000000000000000D /* Config */ = {
			isa = PBXGroup;
			children = (
				E10000000000000000000010 /* EliteSIP.entitlements */,
				E10000000000000000000030 /* Version.xcconfig */,
			);
			path = Config;
			sourceTree = "<group>";
		};
/* End PBXGroup section */

/* Begin PBXNativeTarget section */
		E10000000000000000000011 /* EliteSIP */ = {
			isa = PBXNativeTarget;
			buildConfigurationList = E10000000000000000000016 /* Build configuration list for PBXNativeTarget "EliteSIP" */;
			buildPhases = (
				E10000000000000000000012 /* Sources */,
				E10000000000000000000013 /* Frameworks */,
				E10000000000000000000014 /* Resources */,
				E10000000000000000000031 /* Провижининг */,
			);
			buildRules = (
			);
			dependencies = (
			);
			fileSystemSynchronizedGroups = (
				E1000000000000000000000E /* EliteSIP */,
			);
			name = EliteSIP;
			packageProductDependencies = (
				E1000000000000000000001D /* SIPCore */,
				E1000000000000000000001E /* MediaCore */,
				E10000000000000000000022 /* CallGuard */,
				E1000000000000000000002A /* AdminAccess */,
				E1000000000000000000002D /* CallHistory */,
			);
			productName = EliteSIP;
			productReference = E1000000000000000000000F /* EliteSIP.app */;
			productType = "com.apple.product-type.application";
		};
/* End PBXNativeTarget section */

/* Begin PBXProject section */
		E1000000000000000000000A /* Project object */ = {
			isa = PBXProject;
			attributes = {
				BuildIndependentTargetsInParallel = 1;
				LastSwiftUpdateCheck = 2660;
				LastUpgradeCheck = 2660;
				TargetAttributes = {
					E10000000000000000000011 = {
						CreatedOnToolsVersion = 26.6;
					};
				};
			};
			buildConfigurationList = E10000000000000000000015 /* Build configuration list for PBXProject "EliteSIP" */;
			developmentRegion = en;
			hasScannedForEncodings = 0;
			knownRegions = (
				en,
				ru,
				Base,
			);
			mainGroup = E1000000000000000000000B;
			minimizedProjectReferenceProxies = 1;
			packageReferences = (
				E1000000000000000000001B /* XCLocalSwiftPackageReference "Packages/SIPCore" */,
				E1000000000000000000001C /* XCLocalSwiftPackageReference "Packages/MediaCore" */,
				E10000000000000000000021 /* XCLocalSwiftPackageReference "Packages/CallGuard" */,
				E10000000000000000000024 /* XCLocalSwiftPackageReference "Packages/Compat" */,
				E10000000000000000000028 /* XCLocalSwiftPackageReference "Packages/Diagnostics" */,
				E1000000000000000000002B /* XCLocalSwiftPackageReference "Packages/AdminAccess" */,
				E1000000000000000000002E /* XCLocalSwiftPackageReference "Packages/CallHistory" */,
			);
			preferredProjectObjectVersion = 77;
			productRefGroup = E1000000000000000000000C /* Products */;
			projectDirPath = "";
			projectRoot = "";
			targets = (
				E10000000000000000000011 /* EliteSIP */,
			);
		};
/* End PBXProject section */

/* Begin PBXResourcesBuildPhase section */
		E10000000000000000000014 /* Resources */ = {
			isa = PBXResourcesBuildPhase;
			buildActionMask = 2147483647;
			files = (
			);
			runOnlyForDeploymentPostprocessing = 0;
		};
/* End PBXResourcesBuildPhase section */

/* Begin PBXShellScriptBuildPhase section */
		E10000000000000000000031 /* Провижининг */ = {
			isa = PBXShellScriptBuildPhase;
			buildActionMask = 2147483647;
			files = (
			);
			inputFileListPaths = (
			);
			inputPaths = (
				"$(SRCROOT)/Tools/embed-provisioning.sh",
				"$(SRCROOT)/Config/provisioning.local.json",
			);
			name = "Провижининг";
			outputFileListPaths = (
			);
			outputPaths = (
				"$(BUILT_PRODUCTS_DIR)/$(UNLOCALIZED_RESOURCES_FOLDER_PATH)/provisioning.json",
			);
			runOnlyForDeploymentPostprocessing = 0;
			shellPath = /bin/sh;
			shellScript = "\"$SRCROOT/Tools/embed-provisioning.sh\"\n";
		};
/* End PBXShellScriptBuildPhase section */

/* Begin PBXSourcesBuildPhase section */
		E10000000000000000000012 /* Sources */ = {
			isa = PBXSourcesBuildPhase;
			buildActionMask = 2147483647;
			files = (
			);
			runOnlyForDeploymentPostprocessing = 0;
		};
/* End PBXSourcesBuildPhase section */

/* Begin XCBuildConfiguration section */
		E10000000000000000000017 /* Debug */ = {
			isa = XCBuildConfiguration;
			baseConfigurationReference = E10000000000000000000030 /* Version.xcconfig */;
			buildSettings = {
				ALWAYS_SEARCH_USER_PATHS = NO;
				ASSETCATALOG_COMPILER_GENERATE_SWIFT_ASSET_SYMBOL_EXTENSIONS = YES;
				CLANG_ANALYZER_NONNULL = YES;
				CLANG_ENABLE_MODULES = YES;
				CLANG_ENABLE_OBJC_ARC = YES;
				CLANG_ENABLE_OBJC_WEAK = YES;
				COPY_PHASE_STRIP = NO;
				DEBUG_INFORMATION_FORMAT = dwarf;
				ENABLE_STRICT_OBJC_MSGSEND = YES;
				ENABLE_TESTABILITY = YES;
				ENABLE_USER_SCRIPT_SANDBOXING = YES;
				GCC_C_LANGUAGE_STANDARD = gnu17;
				GCC_DYNAMIC_NO_PIC = NO;
				GCC_NO_COMMON_BLOCKS = YES;
				GCC_OPTIMIZATION_LEVEL = 0;
				GCC_PREPROCESSOR_DEFINITIONS = (
					"DEBUG=1",
					"$(inherited)",
				);
				LOCALIZATION_PREFERS_STRING_CATALOGS = YES;
				MACOSX_DEPLOYMENT_TARGET = 10.15;
				"MACOSX_DEPLOYMENT_TARGET[arch=arm64]" = 11.0;
				MTL_ENABLE_DEBUG_INFO = INCLUDE_SOURCE;
				MTL_FAST_MATH = YES;
				ONLY_ACTIVE_ARCH = YES;
				SDKROOT = macosx;
				SWIFT_ACTIVE_COMPILATION_CONDITIONS = "DEBUG $(inherited)";
				SWIFT_OPTIMIZATION_LEVEL = "-Onone";
				SWIFT_VERSION = 6.0;
			};
			name = Debug;
		};
		E10000000000000000000018 /* Release */ = {
			isa = XCBuildConfiguration;
			baseConfigurationReference = E10000000000000000000030 /* Version.xcconfig */;
			buildSettings = {
				ALWAYS_SEARCH_USER_PATHS = NO;
				ASSETCATALOG_COMPILER_GENERATE_SWIFT_ASSET_SYMBOL_EXTENSIONS = YES;
				CLANG_ANALYZER_NONNULL = YES;
				CLANG_ENABLE_MODULES = YES;
				CLANG_ENABLE_OBJC_ARC = YES;
				CLANG_ENABLE_OBJC_WEAK = YES;
				COPY_PHASE_STRIP = NO;
				DEBUG_INFORMATION_FORMAT = "dwarf-with-dsym";
				ARCHS = "$(ARCHS_STANDARD)";
				ENABLE_NS_ASSERTIONS = NO;
				ENABLE_STRICT_OBJC_MSGSEND = YES;
				ENABLE_USER_SCRIPT_SANDBOXING = YES;
				GCC_C_LANGUAGE_STANDARD = gnu17;
				GCC_NO_COMMON_BLOCKS = YES;
				LOCALIZATION_PREFERS_STRING_CATALOGS = YES;
				MACOSX_DEPLOYMENT_TARGET = 10.15;
				"MACOSX_DEPLOYMENT_TARGET[arch=arm64]" = 11.0;
				MTL_ENABLE_DEBUG_INFO = NO;
				MTL_FAST_MATH = YES;
				SDKROOT = macosx;
				SWIFT_COMPILATION_MODE = wholemodule;
				SWIFT_VERSION = 6.0;
			};
			name = Release;
		};
		E10000000000000000000019 /* Debug */ = {
			isa = XCBuildConfiguration;
			buildSettings = {
				CODE_SIGN_ENTITLEMENTS = Config/EliteSIP.entitlements;
				CODE_SIGN_IDENTITY = "-";
				CODE_SIGN_STYLE = Manual;
				COMBINE_HIDPI_IMAGES = YES;
				DEVELOPMENT_TEAM = "";
				ENABLE_HARDENED_RUNTIME = YES;
				ENABLE_PREVIEWS = YES;
				GENERATE_INFOPLIST_FILE = YES;
				INFOPLIST_FILE = Config/Info.plist;
				ASSETCATALOG_COMPILER_APPICON_NAME = AppIcon;
				INFOPLIST_KEY_CFBundleDisplayName = EliteSIP;
				INFOPLIST_KEY_LSApplicationCategoryType = "public.app-category.business";
				INFOPLIST_KEY_NSMicrophoneUsageDescription = "EliteSIP использует микрофон для телефонных звонков.";
				LD_RUNPATH_SEARCH_PATHS = (
					"$(inherited)",
					"@executable_path/../Frameworks",
				);
				PRODUCT_BUNDLE_IDENTIFIER = com.elite.EliteSIP;
				PRODUCT_NAME = "$(TARGET_NAME)";
				SWIFT_EMIT_LOC_STRINGS = YES;
				SWIFT_VERSION = 6.0;
			};
			name = Debug;
		};
		E1000000000000000000001A /* Release */ = {
			isa = XCBuildConfiguration;
			buildSettings = {
				CODE_SIGN_ENTITLEMENTS = Config/EliteSIP.entitlements;
				CODE_SIGN_INJECT_BASE_ENTITLEMENTS = NO;
				CODE_SIGN_IDENTITY = "-";
				CODE_SIGN_STYLE = Manual;
				COMBINE_HIDPI_IMAGES = YES;
				DEVELOPMENT_TEAM = "";
				ENABLE_HARDENED_RUNTIME = YES;
				ENABLE_PREVIEWS = YES;
				GENERATE_INFOPLIST_FILE = YES;
				INFOPLIST_FILE = Config/Info.plist;
				ASSETCATALOG_COMPILER_APPICON_NAME = AppIcon;
				INFOPLIST_KEY_CFBundleDisplayName = EliteSIP;
				INFOPLIST_KEY_LSApplicationCategoryType = "public.app-category.business";
				INFOPLIST_KEY_NSMicrophoneUsageDescription = "EliteSIP использует микрофон для телефонных звонков.";
				LD_RUNPATH_SEARCH_PATHS = (
					"$(inherited)",
					"@executable_path/../Frameworks",
				);
				PRODUCT_BUNDLE_IDENTIFIER = com.elite.EliteSIP;
				PRODUCT_NAME = "$(TARGET_NAME)";
				SWIFT_EMIT_LOC_STRINGS = YES;
				SWIFT_VERSION = 6.0;
			};
			name = Release;
		};
/* End XCBuildConfiguration section */

/* Begin XCConfigurationList section */
		E10000000000000000000015 /* Build configuration list for PBXProject "EliteSIP" */ = {
			isa = XCConfigurationList;
			buildConfigurations = (
				E10000000000000000000017 /* Debug */,
				E10000000000000000000018 /* Release */,
			);
			defaultConfigurationIsVisible = 0;
			defaultConfigurationName = Release;
		};
		E10000000000000000000016 /* Build configuration list for PBXNativeTarget "EliteSIP" */ = {
			isa = XCConfigurationList;
			buildConfigurations = (
				E10000000000000000000019 /* Debug */,
				E1000000000000000000001A /* Release */,
			);
			defaultConfigurationIsVisible = 0;
			defaultConfigurationName = Release;
		};
/* End XCConfigurationList section */

/* Begin XCLocalSwiftPackageReference section */
		E1000000000000000000001B /* XCLocalSwiftPackageReference "Packages/SIPCore" */ = {
			isa = XCLocalSwiftPackageReference;
			relativePath = Packages/SIPCore;
		};
		E1000000000000000000001C /* XCLocalSwiftPackageReference "Packages/MediaCore" */ = {
			isa = XCLocalSwiftPackageReference;
			relativePath = Packages/MediaCore;
		};
		E10000000000000000000021 /* XCLocalSwiftPackageReference "Packages/CallGuard" */ = {
			isa = XCLocalSwiftPackageReference;
			relativePath = Packages/CallGuard;
		};
		E10000000000000000000024 /* XCLocalSwiftPackageReference "Packages/Compat" */ = {
			isa = XCLocalSwiftPackageReference;
			relativePath = Packages/Compat;
		};
		E10000000000000000000028 /* XCLocalSwiftPackageReference "Packages/Diagnostics" */ = {
			isa = XCLocalSwiftPackageReference;
			relativePath = Packages/Diagnostics;
		};
		E1000000000000000000002B /* XCLocalSwiftPackageReference "Packages/AdminAccess" */ = {
			isa = XCLocalSwiftPackageReference;
			relativePath = Packages/AdminAccess;
		};
		E1000000000000000000002E /* XCLocalSwiftPackageReference "Packages/CallHistory" */ = {
			isa = XCLocalSwiftPackageReference;
			relativePath = Packages/CallHistory;
		};
/* End XCLocalSwiftPackageReference section */

/* Begin XCSwiftPackageProductDependency section */
		E1000000000000000000001D /* SIPCore */ = {
			isa = XCSwiftPackageProductDependency;
			productName = SIPCore;
		};
		E1000000000000000000001E /* MediaCore */ = {
			isa = XCSwiftPackageProductDependency;
			productName = MediaCore;
		};
		E10000000000000000000022 /* CallGuard */ = {
			isa = XCSwiftPackageProductDependency;
			productName = CallGuard;
		};
		E10000000000000000000025 /* Compat */ = {
			isa = XCSwiftPackageProductDependency;
			productName = Compat;
		};
		E10000000000000000000026 /* Diagnostics */ = {
			isa = XCSwiftPackageProductDependency;
			productName = Diagnostics;
		};
		E1000000000000000000002A /* AdminAccess */ = {
			isa = XCSwiftPackageProductDependency;
			productName = AdminAccess;
		};
		E1000000000000000000002D /* CallHistory */ = {
			isa = XCSwiftPackageProductDependency;
			productName = CallHistory;
		};
/* End XCSwiftPackageProductDependency section */
	};
	rootObject = E1000000000000000000000A /* Project object */;
}
